// !$*UTF8*$!
{
	archiveVersion = 1;
	classes = {
	};
	objectVersion = 56;
	objects = {

/* Begin PBXBuildFile section */
		F9136D2E29DD79E90094B7C9 /* AnimeAppApp.swift in Sources */ = {isa = PBXBuildFile; fileRef = F9136D2D29DD79E90094B7C9 /* AnimeAppApp.swift */; };
		F9136D3229DD79EA0094B7C9 /* Assets.xcassets in Resources */ = {isa = PBXBuildFile; fileRef = F9136D3129DD79EA0094B7C9 /* Assets.xcassets */; };
		F9136D3529DD79EA0094B7C9 /* Preview Assets.xcassets in Resources */ = {isa = PBXBuildFile; fileRef = F9136D3429DD79EA0094B7C9 /* Preview Assets.xcassets */; };
		F9136D3C29DD7A080094B7C9 /* animetest.json in Resources */ = {isa = PBXBuildFile; fileRef = F9136D3B29DD7A080094B7C9 /* animetest.json */; };
		F9136D3E29DD7A100094B7C9 /* DataTest.swift in Sources */ = {isa = PBXBuildFile; fileRef = F9136D3D29DD7A100094B7C9 /* DataTest.swift */; };
		F9136D4829DD7AAF0094B7C9 /* anime.json in Resources */ = {isa = PBXBuildFile; fileRef = F9136D4729DD7AAF0094B7C9 /* anime.json */; };
		F9136D4B29DD7AC10094B7C9 /* AnimePersintence.swift in Sources */ = {isa = PBXBuildFile; fileRef = F9136D4929DD7AC10094B7C9 /* AnimePersintence.swift */; };
		F9136D4C29DD7AC10094B7C9 /* Anime.swift in Sources */ = {isa = PBXBuildFile; fileRef = F9136D4A29DD7AC10094B7C9 /* Anime.swift */; };
		F9136D4E29DD7AD00094B7C9 /* AnimesVM.swift in Sources */ = {isa = PBXBuildFile; fileRef = F9136D4D29DD7AD00094B7C9 /* AnimesVM.swift */; };
		F9136D5429DD7AEA0094B7C9 /* SuggestionsSection.swift in Sources */ = {isa = PBXBuildFile; fileRef = F9136D4F29DD7AEA0094B7C9 /* SuggestionsSection.swift */; };
		F9136D5529DD7AEA0094B7C9 /* RateCircle.swift in Sources */ = {isa = PBXBuildFile; fileRef = F9136D5029DD7AEA0094B7C9 /* RateCircle.swift */; };
		F9136D5629DD7AEA0094B7C9 /* AnimeCell.swift in Sources */ = {isa = PBXBuildFile; fileRef = F9136D5129DD7AEA0094B7C9 /* AnimeCell.swift */; };
		F9136D5729DD7AEA0094B7C9 /* AnimeImage.swift in Sources */ = {isa = PBXBuildFile; fileRef = F9136D5229DD7AEA0094B7C9 /* AnimeImage.swift */; };
		F9136D5829DD7AEA0094B7C9 /* AnimeGridCell.swift in Sources */ = {isa = PBXBuildFile; fileRef = F9136D5329DD7AEA0094B7C9 /* AnimeGridCell.swift */; };
		F9136D5F29DD7B150094B7C9 /* Welcome.swift in Sources */ = {isa = PBXBuildFile; fileRef = F9136D5C29DD7B140094B7C9 /* Welcome.swift */; };
		F9136D6029DD7B150094B7C9 /* Home.swift in Sources */ = {isa = PBXBuildFile; fileRef = F9136D5D29DD7B140094B7C9 /* Home.swift */; };
		F9136D6129DD7B150094B7C9 /* WatchedAnimesGridView.swift in Sources */ = {isa = PBXBuildFile; fileRef = F9136D5E29DD7B150094B7C9 /* WatchedAnimesGridView.swift */; };
		F9136D6329DD7B250094B7C9 /* AnimeListView.swift in Sources */ = {isa = PBXBuildFile; fileRef = F9136D6229DD7B250094B7C9 /* AnimeListView.swift */; };
		F9136D6529DD7B2A0094B7C9 /* AnimeListViewIpad.swift in Sources */ = {isa = PBXBuildFile; fileRef = F9136D6429DD7B2A0094B7C9 /* AnimeListViewIpad.swift */; };
		F9136D6729DD7B3F0094B7C9 /* DetailView.swift in Sources */ = {isa = PBXBuildFile; fileRef = F9136D6629DD7B3F0094B7C9 /* DetailView.swift */; };
		F9136D6A29DD7B4B0094B7C9 /* NavigationState.swift in Sources */ = {isa = PBXBuildFile; fileRef = F9136D6829DD7B4B0094B7C9 /* NavigationState.swift */; };
		F9136D6B29DD7B4B0094B7C9 /* StateAppView.swift in Sources */ = {isa = PBXBuildFile; fileRef = F9136D6929DD7B4B0094B7C9 /* StateAppView.swift */; };
/* End PBXBuildFile section */

/* Begin PBXFileReference section */
		F9136D2A29DD79E90094B7C9 /* AnimeApp.app */ = {isa = PBXFileReference; explicitFileType = wrapper.application; includeInIndex = 0; path = AnimeApp.app; sourceTree = BUILT_PRODUCTS_DIR; };
		F9136D2D29DD79E90094B7C9 /* AnimeAppApp.swift */ = {isa = PBXFileReference; lastKnownFileType = sourcecode.swift; path = AnimeAppApp.swift; sourceTree = "<group>"; };
		F9136D3129DD79EA0094B7C9 /* Assets.xcassets */ = {isa = PBXFileReference; lastKnownFileType = folder.assetcatalog; path = Assets.xcassets; sourceTree = "<group>"; };
		F9136D3429DD79EA0094B7C9 /* Preview Assets.xcassets */ = {isa = PBXFileReference; lastKnownFileType = folder.assetcatalog; path = "Preview Assets.xcassets"; sourceTree = "<group>"; };
		F9136D3B29DD7A080094B7C9 /* animetest.json */ = {isa = PBXFileReference; fileEncoding = 4; lastKnownFileType = text.json; path = animetest.json; sourceTree = "<group>"; };
		F9136D3D29DD7A100094B7C9 /* DataTest.swift */ = {isa = PBXFileReference; fileEncoding = 4; lastKnownFileType = sourcecode.swift; path = DataTest.swift; sourceTree = "<group>"; };
		F9136D4729DD7AAF0094B7C9 /* anime.json */ = {isa = PBXFileReference; fileEncoding = 4; lastKnownFileType = text.json; path = anime.json; sourceTree = "<group>"; };
		F9136D4929DD7AC10094B7C9 /* AnimePersintence.swift */ = {isa = PBXFileReference; fileEncoding = 4; lastKnownFileType = sourcecode.swift; path = AnimePersintence.swift; sourceTree = "<group>"; };
		F9136D4A29DD7AC10094B7C9 /* Anime.swift */ = {isa = PBXFileReference; fileEncoding = 4; lastKnownFileType = sourcecode.swift; path = Anime.swift; sourceTree = "<group>"; };
		F9136D4D29DD7AD00094B7C9 /* AnimesVM.swift */ = {isa = PBXFileReference; fileEncoding = 4; lastKnownFileType = sourcecode.swift; path = AnimesVM.swift; sourceTree = "<group>"; };
		F9136D4F29DD7AEA0094B7C9 /* SuggestionsSection.swift */ = {isa = PBXFileReference; fileEncoding = 4; lastKnownFileType = sourcecode.swift; path = SuggestionsSection.swift; sourceTree = "<group>"; };
		F9136D5029DD7AEA0094B7C9 /* RateCircle.swift */ = {isa = PBXFileReference; fileEncoding = 4; lastKnownFileType = sourcecode.swift; path = RateCircle.swift; sourceTree = "<group>"; };
		F9136D5129DD7AEA0094B7C9 /* AnimeCell.swift */ = {isa = PBXFileReference; fileEncoding = 4; lastKnownFileType = sourcecode.swift; path = AnimeCell.swift; sourceTree = "<group>"; };
		F9136D5229DD7AEA0094B7C9 /* AnimeImage.swift */ = {isa = PBXFileReference; fileEncoding = 4; lastKnownFileType = sourcecode.swift; path = AnimeImage.swift; sourceTree = "<group>"; };
		F9136D5329DD7AEA0094B7C9 /* AnimeGridCell.swift */ = {isa = PBXFileReference; fileEncoding = 4; lastKnownFileType = sourcecode.swift; path = AnimeGridCell.swift; sourceTree = "<group>"; };
		F9136D5C29DD7B140094B7C9 /* Welcome.swift */ = {isa = PBXFileReference; fileEncoding = 4; lastKnownFileType = sourcecode.swift; path = Welcome.swift; sourceTree = "<group>"; };
		F9136D5D29DD7B140094B7C9 /* Home.swift */ = {isa = PBXFileReference; fileEncoding = 4; lastKnownFileType = sourcecode.swift; path = Home.swift; sourceTree = "<group>"; };
		F9136D5E29DD7B150094B7C9 /* WatchedAnimesGridView.swift */ = {isa = PBXFileReference; fileEncoding = 4; lastKnownFileType = sourcecode.swift; path = WatchedAnimesGridView.swift; sourceTree = "<group>"; };
		F9136D6229DD7B250094B7C9 /* AnimeListView.swift */ = {isa = PBXFileReference; fileEncoding = 4; lastKnownFileType = sourcecode.swift; path = AnimeListView.swift; sourceTree = "<group>"; };
		F9136D6429DD7B2A0094B7C9 /* AnimeListViewIpad.swift */ = {isa = PBXFileReference; fileEncoding = 4; lastKnownFileType = sourcecode.swift; path = AnimeListViewIpad.swift; sourceTree = "<group>"; };
		F9136D6629DD7B3F0094B7C9 /* DetailView.swift */ = {isa = PBXFileReference; fileEncoding = 4; lastKnownFileType = sourcecode.swift; path = DetailView.swift; sourceTree = "<group>"; };
		F9136D6829DD7B4B0094B7C9 /* NavigationState.swift */ = {isa = PBXFileReference; fileEncoding = 4; lastKnownFileType = sourcecode.swift; path = NavigationState.swift; sourceTree = "<group>"; };
		F9136D6929DD7B4B0094B7C9 /* StateAppView.swift */ = {isa = PBXFileReference; fileEncoding = 4; lastKnownFileType = sourcecode.swift; path = StateAppView.swift; sourceTree = "<group>"; };
		F930ADAB29DD82C000093607 /* Info.plist */ = {isa = PBXFileReference; lastKnownFileType = text.plist; path = Info.plist; sourceTree = "<group>"; };
/* End PBXFileReference section */

/* Begin PBXFrameworksBuildPhase section */
		F9136D2729DD79E90094B7C9 /* Frameworks */ = {
			isa = PBXFrameworksBuildPhase;
			buildActionMask = 2147483647;
			files = (
			);
			runOnlyForDeploymentPostprocessing = 0;
		};
/* End PBXFrameworksBuildPhase section */

/* Begin PBXGroup section */
		F9136D2129DD79E90094B7C9 = {
			isa = PBXGroup;
			children = (
				F9136D2C29DD79E90094B7C9 /* AnimeApp */,
				F9136D2B29DD79E90094B7C9 /* Products */,
			);
			sourceTree = "<group>";
		};
		F9136D2B29DD79E90094B7C9 /* Products */ = {
			isa = PBXGroup;
			children = (
				F9136D2A29DD79E90094B7C9 /* AnimeApp.app */,
			);
			name = Products;
			sourceTree = "<group>";
		};
		F9136D2C29DD79E90094B7C9 /* AnimeApp */ = {
			isa = PBXGroup;
			children = (
				F9136D4629DD7A760094B7C9 /* NavigationState */,
				F9136D4529DD7A610094B7C9 /* Views */,
				F9136D4429DD7A570094B7C9 /* Components */,
				F9136D4329DD7A4C0094B7C9 /* ViewModels */,
				F9136D4229DD7A450094B7C9 /* Models */,
				F9136D4129DD7A3C0094B7C9 /* Helpers */,
				F9136D4029DD7A340094B7C9 /* Resources */,
				F9136D3F29DD7A1B0094B7C9 /* system */,
				F9136D3329DD79EA0094B7C9 /* Preview Content */,
			);
			path = AnimeApp;
			sourceTree = "<group>";
		};
		F9136D3329DD79EA0094B7C9 /* Preview Content */ = {
			isa = PBXGroup;
			children = (
				F9136D3429DD79EA0094B7C9 /* Preview Assets.xcassets */,
				F9136D3B29DD7A080094B7C9 /* animetest.json */,
				F9136D3D29DD7A100094B7C9 /* DataTest.swift */,
			);
			path = "Preview Content";
			sourceTree = "<group>";
		};
		F9136D3F29DD7A1B0094B7C9 /* system */ = {
			isa = PBXGroup;
			children = (
				F930ADAB29DD82C000093607 /* Info.plist */,
				F9136D2D29DD79E90094B7C9 /* AnimeAppApp.swift */,
				F9136D3129DD79EA0094B7C9 /* Assets.xcassets */,
			);
			name = system;
			sourceTree = "<group>";
		};
		F9136D4029DD7A340094B7C9 /* Resources */ = {
			isa = PBXGroup;
			children = (
				F9136D4729DD7AAF0094B7C9 /* anime.json */,
			);
			name = Resources;
			sourceTree = "<group>";
		};
		F9136D4129DD7A3C0094B7C9 /* Helpers */ = {
			isa = PBXGroup;
			children = (
			);
			name = Helpers;
			sourceTree = "<group>";
		};
		F9136D4229DD7A450094B7C9 /* Models */ = {
			isa = PBXGroup;
			children = (
				F9136D4A29DD7AC10094B7C9 /* Anime.swift */,
				F9136D4929DD7AC10094B7C9 /* AnimePersintence.swift */,
			);
			name = Models;
			sourceTree = "<group>";
		};
		F9136D4329DD7A4C0094B7C9 /* ViewModels */ = {
			isa = PBXGroup;
			children = (
				F9136D4D29DD7AD00094B7C9 /* AnimesVM.swift */,
			);
			name = ViewModels;
			sourceTree = "<group>";
		};
		F9136D4429DD7A570094B7C9 /* Components */ = {
			isa = PBXGroup;
			children = (
				F9136D5129DD7AEA0094B7C9 /* AnimeCell.swift */,
				F9136D5329DD7AEA0094B7C9 /* AnimeGridCell.swift */,
				F9136D5229DD7AEA0094B7C9 /* AnimeImage.swift */,
				F9136D5029DD7AEA0094B7C9 /* RateCircle.swift */,
				F9136D4F29DD7AEA0094B7C9 /* SuggestionsSection.swift */,
			);
			name = Components;
			sourceTree = "<group>";
		};
		F9136D4529DD7A610094B7C9 /* Views */ = {
			isa = PBXGroup;
			children = (
				F9136D5B29DD7B000094B7C9 /* iPhone */,
				F9136D5A29DD7AFA0094B7C9 /* iPad */,
				F9136D5929DD7AF30094B7C9 /* Common */,
				F9136D5D29DD7B140094B7C9 /* Home.swift */,
				F9136D5E29DD7B150094B7C9 /* WatchedAnimesGridView.swift */,
				F9136D5C29DD7B140094B7C9 /* Welcome.swift */,
			);
			name = Views;
			sourceTree = "<group>";
		};
		F9136D4629DD7A760094B7C9 /* NavigationState */ = {
			isa = PBXGroup;
			children = (
				F9136D6829DD7B4B0094B7C9 /* NavigationState.swift */,
				F9136D6929DD7B4B0094B7C9 /* StateAppView.swift */,
			);
			name = NavigationState;
			sourceTree = "<group>";
		};
		F9136D5929DD7AF30094B7C9 /* Common */ = {
			isa = PBXGroup;
			children = (
				F9136D6629DD7B3F0094B7C9 /* DetailView.swift */,
			);
			name = Common;
			sourceTree = "<group>";
		};
		F9136D5A29DD7AFA0094B7C9 /* iPad */ = {
			isa = PBXGroup;
			children = (
				F9136D6429DD7B2A0094B7C9 /* AnimeListViewIpad.swift */,
			);
			name = iPad;
			sourceTree = "<group>";
		};
		F9136D5B29DD7B000094B7C9 /* iPhone */ = {
			isa = PBXGroup;
			children = (
				F9136D6229DD7B250094B7C9 /* AnimeListView.swift */,
			);
			name = iPhone;
			sourceTree = "<group>";
		};
/* End PBXGroup section */

/* Begin PBXNativeTarget section */
		F9136D2929DD79E90094B7C9 /* AnimeApp */ = {
			isa = PBXNativeTarget;
			buildConfigurationList = F9136D3829DD79EA0094B7C9 /* Build configuration list for PBXNativeTarget "AnimeApp" */;
			buildPhases = (
				F9136D2629DD79E90094B7C9 /* Sources */,
				F9136D2729DD79E90094B7C9 /* Frameworks */,
				F9136D2829DD79E90094B7C9 /* Resources */,
			);
			buildRules = (
			);
			dependencies = (
			);
			name = AnimeApp;
			productName = AnimeApp;
			productReference = F9136D2A29DD79E90094B7C9 /* AnimeApp.app */;
			productType = "com.apple.product-type.application";
		};
/* End PBXNativeTarget section */

/* Begin PBXProject section */
		F9136D2229DD79E90094B7C9 /* Project object */ = {
			isa = PBXProject;
			attributes = {
				BuildIndependentTargetsInParallel = 1;
				LastSwiftUpdateCheck = 1430;
				LastUpgradeCheck = 1430;
				TargetAttributes = {
					F9136D2929DD79E90094B7C9 = {
						CreatedOnToolsVersion = 14.3;
					};
				};
			};
			buildConfigurationList = F9136D2529DD79E90094B7C9 /* Build configuration list for PBXProject "AnimeApp" */;
			compatibilityVersion = "Xcode 14.0";
			developmentRegion = en;
			hasScannedForEncodings = 0;
			knownRegions = (
				en,
				Base,
			);
			mainGroup = F9136D2129DD79E90094B7C9;
			productRefGroup = F9136D2B29DD79E90094B7C9 /* Products */;
			projectDirPath = "";
			projectRoot = "";
			targets = (
				F9136D2929DD79E90094B7C9 /* AnimeApp */,
			);
		};
/* End PBXProject section */

/* Begin PBXResourcesBuildPhase section */
		F9136D2829DD79E90094B7C9 /* Resources */ = {
			isa = PBXResourcesBuildPhase;
			buildActionMask = 2147483647;
			files = (
				F9136D4829DD7AAF0094B7C9 /* anime.json in Resources */,
				F9136D3529DD79EA0094B7C9 /* Preview Assets.xcassets in Resources */,
				F9136D3C29DD7A080094B7C9 /* animetest.json in Resources */,
				F9136D3229DD79EA0094B7C9 /* Assets.xcassets in Resources */,
			);
			runOnlyForDeploymentPostprocessing = 0;
		};
/* End PBXResourcesBuildPhase section */

/* Begin PBXSourcesBuildPhase section */
		F9136D2629DD79E90094B7C9 /* Sources */ = {
			isa = PBXSourcesBuildPhase;
			buildActionMask = 2147483647;
			files = (
				F9136D5829DD7AEA0094B7C9 /* AnimeGridCell.swift in Sources */,
				F9136D5F29DD7B150094B7C9 /* Welcome.swift in Sources */,
				F9136D6129DD7B150094B7C9 /* WatchedAnimesGridView.swift in Sources */,
				F9136D6329DD7B250094B7C9 /* AnimeListView.swift in Sources */,
				F9136D4C29DD7AC10094B7C9 /* Anime.swift in Sources */,
				F9136D4E29DD7AD00094B7C9 /* AnimesVM.swift in Sources */,
				F9136D5729DD7AEA0094B7C9 /* AnimeImage.swift in Sources */,
				F9136D3E29DD7A100094B7C9 /* DataTest.swift in Sources */,
				F9136D6A29DD7B4B0094B7C9 /* NavigationState.swift in Sources */,
				F9136D5529DD7AEA0094B7C9 /* RateCircle.swift in Sources */,
				F9136D6729DD7B3F0094B7C9 /* DetailView.swift in Sources */,
				F9136D5629DD7AEA0094B7C9 /* AnimeCell.swift in Sources */,
				F9136D6B29DD7B4B0094B7C9 /* StateAppView.swift in Sources */,
				F9136D4B29DD7AC10094B7C9 /* AnimePersintence.swift in Sources */,
				F9136D2E29DD79E90094B7C9 /* AnimeAppApp.swift in Sources */,
				F9136D6029DD7B150094B7C9 /* Home.swift in Sources */,
				F9136D5429DD7AEA0094B7C9 /* SuggestionsSection.swift in Sources */,
				F9136D6529DD7B2A0094B7C9 /* AnimeListViewIpad.swift in Sources */,
			);
			runOnlyForDeploymentPostprocessing = 0;
		};
/* End PBXSourcesBuildPhase section */

/* Begin XCBuildConfiguration section */
		F9136D3629DD79EA0094B7C9 /* Debug */ = {
			isa = XCBuildConfiguration;
			buildSettings = {
				ALWAYS_SEARCH_USER_PATHS = NO;
				CLANG_ANALYZER_NONNULL = YES;
				CLANG_ANALYZER_NUMBER_OBJECT_CONVERSION = YES_AGGRESSIVE;
				CLANG_CXX_LANGUAGE_STANDARD = "gnu++20";
				CLANG_ENABLE_MODULES = YES;
				CLANG_ENABLE_OBJC_ARC = YES;
				CLANG_ENABLE_OBJC_WEAK = YES;
				CLANG_WARN_BLOCK_CAPTURE_AUTORELEASING = YES;
				CLANG_WARN_BOOL_CONVERSION = YES;
				CLANG_WARN_COMMA = YES;
				CLANG_WARN_CONSTANT_CONVERSION = YES;
				CLANG_WARN_DEPRECATED_OBJC_IMPLEMENTATIONS = YES;
				CLANG_WARN_DIRECT_OBJC_ISA_USAGE = YES_ERROR;
				CLANG_WARN_DOCUMENTATION_COMMENTS = YES;
				CLANG_WARN_EMPTY_BODY = YES;
				CLANG_WARN_ENUM_CONVERSION = YES;
				CLANG_WARN_INFINITE_RECURSION = YES;
				CLANG_WARN_INT_CONVERSION = YES;
				CLANG_WARN_NON_LITERAL_NULL_CONVERSION = YES;
				CLANG_WARN_OBJC_IMPLICIT_RETAIN_SELF = YES;
				CLANG_WARN_OBJC_LITERAL_CONVERSION = YES;
				CLANG_WARN_OBJC_ROOT_CLASS = YES_ERROR;
				CLANG_WARN_QUOTED_INCLUDE_IN_FRAMEWORK_HEADER = YES;
				CLANG_WARN_RANGE_LOOP_ANALYSIS = YES;
				CLANG_WARN_STRICT_PROTOTYPES = YES;
				CLANG_WARN_SUSPICIOUS_MOVE = YES;
				CLANG_WARN_UNGUARDED_AVAILABILITY = YES_AGGRESSIVE;
				CLANG_WARN_UNREACHABLE_CODE = YES;
				CLANG_WARN__DUPLICATE_METHOD_MATCH = YES;
				COPY_PHASE_STRIP = NO;
				DEBUG_INFORMATION_FORMAT = dwarf;
				ENABLE_STRICT_OBJC_MSGSEND = YES;
				ENABLE_TESTABILITY = YES;
				GCC_C_LANGUAGE_STANDARD = gnu11;
				GCC_DYNAMIC_NO_PIC = NO;
				GCC_NO_COMMON_BLOCKS = YES;
				GCC_OPTIMIZATION_LEVEL = 0;
				GCC_PREPROCESSOR_DEFINITIONS = (
					"DEBUG=1",
					"$(inherited)",
				);
				GCC_WARN_64_TO_32_BIT_CONVERSION = YES;
				GCC_WARN_ABOUT_RETURN_TYPE = YES_ERROR;
				GCC_WARN_UNDECLARED_SELECTOR = YES;
				GCC_WARN_UNINITIALIZED_AUTOS = YES_AGGRESSIVE;
				GCC_WARN_UNUSED_FUNCTION = YES;
				GCC_WARN_UNUSED_VARIABLE = YES;
				IPHONEOS_DEPLOYMENT_TARGET = 16.4;
				MTL_ENABLE_DEBUG_INFO = INCLUDE_SOURCE;
				MTL_FAST_MATH = YES;
				ONLY_ACTIVE_ARCH = YES;
				SDKROOT = iphoneos;
				SWIFT_ACTIVE_COMPILATION_CONDITIONS = DEBUG;
				SWIFT_OPTIMIZATION_LEVEL = "-Onone";
			};
			name = Debug;
		};
		F9136D3729DD79EA0094B7C9 /* Release */ = {
			isa = XCBuildConfiguration;
			buildSettings = {
				ALWAYS_SEARCH_USER_PATHS = NO;
				CLANG_ANALYZER_NONNULL = YES;
				CLANG_ANALYZER_NUMBER_OBJECT_CONVERSION = YES_AGGRESSIVE;
				CLANG_CXX_LANGUAGE_STANDARD = "gnu++20";
				CLANG_ENABLE_MODULES = YES;
				CLANG_ENABLE_OBJC_ARC = YES;
				CLANG_ENABLE_OBJC_WEAK = YES;
				CLANG_WARN_BLOCK_CAPTURE_AUTORELEASING = YES;
				CLANG_WARN_BOOL_CONVERSION = YES;
				CLANG_WARN_COMMA = YES;
				CLANG_WARN_CONSTANT_CONVERSION = YES;
				CLANG_WARN_DEPRECATED_OBJC_IMPLEMENTATIONS = YES;
				CLANG_WARN_DIRECT_OBJC_ISA_USAGE = YES_ERROR;
				CLANG_WARN_DOCUMENTATION_COMMENTS = YES;
				CLANG_WARN_EMPTY_BODY = YES;
				CLANG_WARN_ENUM_CONVERSION = YES;
				CLANG_WARN_INFINITE_RECURSION = YES;
				CLANG_WARN_INT_CONVERSION = YES;
				CLANG_WARN_NON_LITERAL_NULL_CONVERSION = YES;
				CLANG_WARN_OBJC_IMPLICIT_RETAIN_SELF = YES;
				CLANG_WARN_OBJC_LITERAL_CONVERSION = YES;
				CLANG_WARN_OBJC_ROOT_CLASS = YES_ERROR;
				CLANG_WARN_QUOTED_INCLUDE_IN_FRAMEWORK_HEADER = YES;
				CLANG_WARN_RANGE_LOOP_ANALYSIS = YES;
				CLANG_WARN_STRICT_PROTOTYPES = YES;
				CLANG_WARN_SUSPICIOUS_MOVE = YES;
				CLANG_WARN_UNGUARDED_AVAILABILITY = YES_AGGRESSIVE;
				CLANG_WARN_UNREACHABLE_CODE = YES;
				CLANG_WARN__DUPLICATE_METHOD_MATCH = YES;
				COPY_PHASE_STRIP = NO;
				DEBUG_INFORMATION_FORMAT = "dwarf-with-dsym";
				ENABLE_NS_ASSERTIONS = NO;
				ENABLE_STRICT_OBJC_MSGSEND = YES;
				GCC_C_LANGUAGE_STANDARD = gnu11;
				GCC_NO_COMMON_BLOCKS = YES;
				GCC_WARN_64_TO_32_BIT_CONVERSION = YES;
				GCC_WARN_ABOUT_RETURN_TYPE = YES_ERROR;
				GCC_WARN_UNDECLARED_SELECTOR = YES;
				GCC_WARN_UNINITIALIZED_AUTOS = YES_AGGRESSIVE;
				GCC_WARN_UNUSED_FUNCTION = YES;
				GCC_WARN_UNUSED_VARIABLE = YES;
				IPHONEOS_DEPLOYMENT_TARGET = 16.4;
				MTL_ENABLE_DEBUG_INFO = NO;
				MTL_FAST_MATH = YES;
				SDKROOT = iphoneos;
				SWIFT_COMPILATION_MODE = wholemodule;
				SWIFT_OPTIMIZATION_LEVEL = "-O";
				VALIDATE_PRODUCT = YES;
			};
			name = Release;
		};
		F9136D3929DD79EA0094B7C9 /* Debug */ = {
			isa = XCBuildConfiguration;
			buildSettings = {
				ASSETCATALOG_COMPILER_APPICON_NAME = AppIcon;
				ASSETCATALOG_COMPILER_GLOBAL_ACCENT_COLOR_NAME = AccentColor;
				CODE_SIGN_STYLE = Automatic;
				CURRENT_PROJECT_VERSION = 1;
				DEVELOPMENT_ASSET_PATHS = "\"AnimeApp/Preview Content\"";
				DEVELOPMENT_TEAM = N9HCL8S8K9;
				ENABLE_PREVIEWS = YES;
				GENERATE_INFOPLIST_FILE = YES;
				INFOPLIST_FILE = AnimeApp/Info.plist;
				INFOPLIST_KEY_UIApplicationSceneManifest_Generation = YES;
				INFOPLIST_KEY_UIApplicationSupportsIndirectInputEvents = YES;
				INFOPLIST_KEY_UISupportedInterfaceOrientations_iPad = "UIInterfaceOrientationPortrait UIInterfaceOrientationPortraitUpsideDown UIInterfaceOrientationLandscapeLeft UIInterfaceOrientationLandscapeRight";
				INFOPLIST_KEY_UISupportedInterfaceOrientations_iPhone = "UIInterfaceOrientationPortrait UIInterfaceOrientationLandscapeLeft UIInterfaceOrientationLandscapeRight";
				IPHONEOS_DEPLOYMENT_TARGET = 16.3;
				LD_RUNPATH_SEARCH_PATHS = (
					"$(inherited)",
					"@executable_path/Frameworks",
				);
				MARKETING_VERSION = 1.0;
				PRODUCT_BUNDLE_IDENTIFIER = com.javieretxarri.AnimeApp;
				PRODUCT_NAME = "$(TARGET_NAME)";
				SWIFT_EMIT_LOC_STRINGS = YES;
				SWIFT_VERSION = 5.0;
				TARGETED_DEVICE_FAMILY = "1,2";
			};
			name = Debug;
		};
		F9136D3A29DD79EA0094B7C9 /* Release */ = {
			isa = XCBuildConfiguration;
			buildSettings = {
				ASSETCATALOG_COMPILER_APPICON_NAME = AppIcon;
				ASSETCATALOG_COMPILER_GLOBAL_ACCENT_COLOR_NAME = AccentColor;
				CODE_SIGN_STYLE = Automatic;
				CURRENT_PROJECT_VERSION = 1;
				DEVELOPMENT_ASSET_PATHS = "\"AnimeApp/Preview Content\"";
				DEVELOPMENT_TEAM = N9HCL8S8K9;
				ENABLE_PREVIEWS = YES;
				GENERATE_INFOPLIST_FILE = YES;
				INFOPLIST_FILE = AnimeApp/Info.plist;
				INFOPLIST_KEY_UIApplicationSceneManifest_Generation = YES;
				INFOPLIST_KEY_UIApplicationSupportsIndirectInputEvents = YES;
				INFOPLIST_KEY_UISupportedInterfaceOrientations_iPad = "UIInterfaceOrientationPortrait UIInterfaceOrientationPortraitUpsideDown UIInterfaceOrientationLandscapeLeft UIInterfaceOrientationLandscapeRight";
				INFOPLIST_KEY_UISupportedInterfaceOrientations_iPhone = "UIInterfaceOrientationPortrait UIInterfaceOrientationLandscapeLeft UIInterfaceOrientationLandscapeRight";
				IPHONEOS_DEPLOYMENT_TARGET = 16.3;
				LD_RUNPATH_SEARCH_PATHS = (
					"$(inherited)",
					"@executable_path/Frameworks",
				);
				MARKETING_VERSION = 1.0;
				PRODUCT_BUNDLE_IDENTIFIER = com.javieretxarri.AnimeApp;
				PRODUCT_NAME = "$(TARGET_NAME)";
				SWIFT_EMIT_LOC_STRINGS = YES;
				SWIFT_VERSION = 5.0;
				TARGETED_DEVICE_FAMILY = "1,2";
			};
			name = Release;
		};
/* End XCBuildConfiguration section */

/* Begin XCConfigurationList section */
		F9136D2529DD79E90094B7C9 /* Build configuration list for PBXProject "AnimeApp" */ = {
			isa = XCConfigurationList;
			buildConfigurations = (
				F9136D3629DD79EA0094B7C9 /* Debug */,
				F9136D3729DD79EA0094B7C9 /* Release */,
			);
			defaultConfigurationIsVisible = 0;
			defaultConfigurationName = Release;
		};
		F9136D3829DD79EA0094B7C9 /* Build configuration list for PBXNativeTarget "AnimeApp" */ = {
			isa = XCConfigurationList;
			buildConfigurations = (
				F9136D3929DD79EA0094B7C9 /* Debug */,
				F9136D3A29DD79EA0094B7C9 /* Release */,
			);
			defaultConfigurationIsVisible = 0;
			defaultConfigurationName = Release;
		};
/* End XCConfigurationList section */
	};
	rootObject = F9136D2229DD79E90094B7C9 /* Project object */;
}
